
Microsoft Visual Studio Solution File, Format Version 12.00
# Visual Studio Version 16
VisualStudioVersion = 16.0.29102.190
MinimumVisualStudioVersion = 10.0.40219.1
Project("{FAE04EC0-301F-11D3-BF4B-00C04F79EFBC}") = "app", "app\app.csproj", "{B76E5B0F-50DD-4849-B2BB-008972E66224}"
EndProject
Global
	GlobalSection(SolutionConfigurationPlatforms) = preSolution
		Debug|Any CPU = Debug|Any CPU
		Release|Any CPU = Release|Any CPU
	EndGlobalSection
	GlobalSection(ProjectConfigurationPlatforms) = postSolution
		{B76E5B0F-50DD-4849-B2BB-008972E66224}.Debug|Any CPU.ActiveCfg = Debug|Any CPU
		{B76E5B0F-50DD-4849-B2BB-008972E66224}.Debug|Any CPU.Build.0 = Debug|Any CPU
		{B76E5B0F-50DD-4849-B2BB-008972E66224}.Release|Any CPU.ActiveCfg = Release|Any CPU
		{B76E5B0F-50DD-4849-B2BB-008972E66224}.Release|Any CPU.Build.0 = Release|Any CPU
	EndGlobalSection
	GlobalSection(SolutionProperties) = preSolution
		HideSolutionNode = FALSE
	EndGlobalSection
	GlobalSection(ExtensibilityGlobals) = postSolution
		SolutionGuid = {ADE2A0B0-6B45-4372-BEBA-326FF1166DD8}
	EndGlobalSection
EndGlobal
